
Microsoft Visual Studio Solution File, Format Version 12.00
# Visual Studio 15
VisualStudioVersion = 15.0.28307.1259
MinimumVisualStudioVersion = 10.0.40219.1
Project("{8BC9CEB8-8B4A-11D0-8D11-00A0C91BC942}") = "Lab 9 test", "Lab 9 test\Lab 9 test.vcxproj", "{5667F1AB-8779-4DEE-A8FF-687D249EA46E}"
EndProject
Project("{8BC9CEB8-8B4A-11D0-8D11-00A0C91BC942}") = "Dll1", "Dll1\Dll1.vcxproj", "{08D137FF-11D6-4AD2-BD9F-68F767E91AF9}"
EndProject
Global
	GlobalSection(SolutionConfigurationPlatforms) = preSolution
		Debug|x64 = Debug|x64
		Debug|x86 = Debug|x86
		Release|x64 = Release|x64
		Release|x86 = Release|x86
	EndGlobalSection
	GlobalSection(ProjectConfigurationPlatforms) = postSolution
		{5667F1AB-8779-4DEE-A8FF-687D249EA46E}.Debug|x64.ActiveCfg = Debug|x64
		{5667F1AB-8779-4DEE-A8FF-687D249EA46E}.Debug|x64.Build.0 = Debug|x64
		{5667F1AB-8779-4DEE-A8FF-687D249EA46E}.Debug|x86.ActiveCfg = Debug|Win32
		{5667F1AB-8779-4DEE-A8FF-687D249EA46E}.Debug|x86.Build.0 = Debug|Win32
		{5667F1AB-8779-4DEE-A8FF-687D249EA46E}.Release|x64.ActiveCfg = Release|x64
		{5667F1AB-8779-4DEE-A8FF-687D249EA46E}.Release|x64.Build.0 = Release|x64
		{5667F1AB-8779-4DEE-A8FF-687D249EA46E}.Release|x86.ActiveCfg = Release|Win32
		{5667F1AB-8779-4DEE-A8FF-687D249EA46E}.Release|x86.Build.0 = Release|Win32
		{08D137FF-11D6-4AD2-BD9F-68F767E91AF9}.Debug|x64.ActiveCfg = Debug|x64
		{08D137FF-11D6-4AD2-BD9F-68F767E91AF9}.Debug|x64.Build.0 = Debug|x64
		{08D137FF-11D6-4AD2-BD9F-68F767E91AF9}.Debug|x86.ActiveCfg = Debug|Win32
		{08D137FF-11D6-4AD2-BD9F-68F767E91AF9}.Debug|x86.Build.0 = Debug|Win32
		{08D137FF-11D6-4AD2-BD9F-68F767E91AF9}.Release|x64.ActiveCfg = Release|x64
		{08D137FF-11D6-4AD2-BD9F-68F767E91AF9}.Release|x64.Build.0 = Release|x64
		{08D137FF-11D6-4AD2-BD9F-68F767E91AF9}.Release|x86.ActiveCfg = Release|Win32
		{08D137FF-11D6-4AD2-BD9F-68F767E91AF9}.Release|x86.Build.0 = Release|Win32
	EndGlobalSection
	GlobalSection(SolutionProperties) = preSolution
		HideSolutionNode = FALSE
	EndGlobalSection
	GlobalSection(ExtensibilityGlobals) = postSolution
		SolutionGuid = {EBC74FC5-E795-49C3-BBB7-5C8C1D7CC563}
	EndGlobalSection
EndGlobal
